
Microsoft Visual Studio Solution File, Format Version 12.00
# Visual Studio 15
VisualStudioVersion = 15.0.27421.1
MinimumVisualStudioVersion = 10.0.40219.1
Project("{FAE04EC0-301F-11D3-BF4B-00C04F79EFBC}") = "HelloWorld", "HelloWorld\HelloWorld.csproj", "{D38030D4-F200-45FC-A9D1-B912D1F46680}"
EndProject
Project("{E53339B2-1760-4266-BCC7-CA923CBCF16C}") = "docker-compose", "docker-compose.dcproj", "{109876C1-DC63-459C-8CAC-EF279A29F1A3}"
EndProject
Global
	GlobalSection(SolutionConfigurationPlatforms) = preSolution
		Debug|Any CPU = Debug|Any CPU
		Release|Any CPU = Release|Any CPU
	EndGlobalSection
	GlobalSection(ProjectConfigurationPlatforms) = postSolution
		{D38030D4-F200-45FC-A9D1-B912D1F46680}.Debug|Any CPU.ActiveCfg = Debug|Any CPU
		{D38030D4-F200-45FC-A9D1-B912D1F46680}.Debug|Any CPU.Build.0 = Debug|Any CPU
		{D38030D4-F200-45FC-A9D1-B912D1F46680}.Release|Any CPU.ActiveCfg = Release|Any CPU
		{D38030D4-F200-45FC-A9D1-B912D1F46680}.Release|Any CPU.Build.0 = Release|Any CPU
		{109876C1-DC63-459C-8CAC-EF279A29F1A3}.Debug|Any CPU.ActiveCfg = Debug|Any CPU
		{109876C1-DC63-459C-8CAC-EF279A29F1A3}.Debug|Any CPU.Build.0 = Debug|Any CPU
		{109876C1-DC63-459C-8CAC-EF279A29F1A3}.Release|Any CPU.ActiveCfg = Release|Any CPU
		{109876C1-DC63-459C-8CAC-EF279A29F1A3}.Release|Any CPU.Build.0 = Release|Any CPU
	EndGlobalSection
	GlobalSection(SolutionProperties) = preSolution
		HideSolutionNode = FALSE
	EndGlobalSection
	GlobalSection(ExtensibilityGlobals) = postSolution
		SolutionGuid = {879CC4D2-648B-4DAA-ADFF-0C771C51C6A5}
	EndGlobalSection
EndGlobal
